
Microsoft Visual Studio Solution File, Format Version 12.00
# Visual Studio Version 17
VisualStudioVersion = 17.10.35122.118
MinimumVisualStudioVersion = 10.0.40219.1
Project("{FAE04EC0-301F-11D3-BF4B-00C04F79EFBC}") = "StaticFunctionExercises", "StaticFunctionExercises\StaticFunctionExercises.csproj", "{5E5BD0D1-DB4C-4291-8E08-285BD2B28B33}"
EndProject
Project("{FAE04EC0-301F-11D3-BF4B-00C04F79EFBC}") = "StaticFunctionExercises.Test", "StaticFunctionExercises.Test\StaticFunctionExercises.Test.csproj", "{306DCD62-8FE1-41FA-AD6D-CB7E06DE610D}"
EndProject
Global
	GlobalSection(SolutionConfigurationPlatforms) = preSolution
		Debug|Any CPU = Debug|Any CPU
		Release|Any CPU = Release|Any CPU
	EndGlobalSection
	GlobalSection(ProjectConfigurationPlatforms) = postSolution
		{5E5BD0D1-DB4C-4291-8E08-285BD2B28B33}.Debug|Any CPU.ActiveCfg = Debug|Any CPU
		{5E5BD0D1-DB4C-4291-8E08-285BD2B28B33}.Debug|Any CPU.Build.0 = Debug|Any CPU
		{5E5BD0D1-DB4C-4291-8E08-285BD2B28B33}.Release|Any CPU.ActiveCfg = Release|Any CPU
		{5E5BD0D1-DB4C-4291-8E08-285BD2B28B33}.Release|Any CPU.Build.0 = Release|Any CPU
		{306DCD62-8FE1-41FA-AD6D-CB7E06DE610D}.Debug|Any CPU.ActiveCfg = Debug|Any CPU
		{306DCD62-8FE1-41FA-AD6D-CB7E06DE610D}.Debug|Any CPU.Build.0 = Debug|Any CPU
		{306DCD62-8FE1-41FA-AD6D-CB7E06DE610D}.Release|Any CPU.ActiveCfg = Release|Any CPU
		{306DCD62-8FE1-41FA-AD6D-CB7E06DE610D}.Release|Any CPU.Build.0 = Release|Any CPU
	EndGlobalSection
	GlobalSection(SolutionProperties) = preSolution
		HideSolutionNode = FALSE
	EndGlobalSection
	GlobalSection(ExtensibilityGlobals) = postSolution
		SolutionGuid = {92F23978-2022-436D-9C98-0DB71E083952}
	EndGlobalSection
EndGlobal
